<?xml version="1.0" encoding="utf-8"?>
<Project ToolsVersion="4.0" xmlns="http://schemas.microsoft.com/developer/msbuild/2003">
  <ItemGroup>
    <Filter Include="Source Files">
      <UniqueIdentifier>{4FC737F1-C7A5-4376-A066-2A32D752A2FF}</UniqueIdentifier>
      <Extensions>qml;cpp;c;cc;cxx;def;odl;idl;hpj;bat;asm;asmx</Extensions>
    </Filter>
    <Filter Include="Header Files">
      <UniqueIdentifier>{93995380-89BD-4b04-88EB-625FBE52EBFB}</UniqueIdentifier>
      <Extensions>h;hh;hpp;hxx;hm;inl;inc;xsd</Extensions>
    </Filter>
    <Filter Include="Resource Files">
      <UniqueIdentifier>{67DA6AB6-F800-4c08-8B7A-83BB121AAD01}</UniqueIdentifier>
      <Extensions>qrc;rc;ico;cur;bmp;dlg;rc2;rct;bin;rgs;gif;jpg;jpeg;jpe;resx;tiff;tif;png;wav;mfcribbon-ms</Extensions>
    </Filter>
    <Filter Include="Form Files">
      <UniqueIdentifier>{99349809-55BA-4b9d-BF79-8FDBB0286EB3}</UniqueIdentifier>
      <Extensions>ui</Extensions>
    </Filter>
    <Filter Include="Translation Files">
      <UniqueIdentifier>{639EADAA-A684-42e4-A9AD-28FC9BCB8F7C}</UniqueIdentifier>
      <Extensions>ts</Extensions>
    </Filter>
  </ItemGroup>
  <ItemGroup>
    <QtRcc Include="PCLvision.qrc">
      <Filter>Resource Files</Filter>
    </QtRcc>
    <QtUic Include="PCLvision.ui">
      <Filter>Form Files</Filter>
    </QtUic>
    <QtMoc Include="PCLvision.h">
      <Filter>Header Files</Filter>
    </QtMoc>
    <ClCompile Include="PCLvision.cpp">
      <Filter>Source Files</Filter>
    </ClCompile>
  </ItemGroup>
  <ItemGroup>
    <ClCompile Include="main.cpp">
      <Filter>Source Files</Filter>
    </ClCompile>
    <ClCompile Include="QHeightRampDlg.cpp">
      <Filter>Source Files</Filter>
    </ClCompile>
    <ClCompile Include="PassThroughDlg.cpp">
      <Filter>Source Files</Filter>
    </ClCompile>
    <ClCompile Include="VoxelGridDlg.cpp">
      <Filter>Source Files</Filter>
    </ClCompile>
    <ClCompile Include="RemoveOutliersDlg.cpp">
      <Filter>Source Files</Filter>
    </ClCompile>
    <ClCompile Include="RadiusFilterDlg.cpp">
      <Filter>Source Files</Filter>
    </ClCompile>
    <ClCompile Include="ProjectionDlg.cpp">
      <Filter>Source Files</Filter>
    </ClCompile>
    <ClCompile Include="DepthMapDlg.cpp">
      <Filter>Source Files</Filter>
    </ClCompile>
    <ClCompile Include="NARFKeyPointDlg.cpp">
      <Filter>Source Files</Filter>
    </ClCompile>
    <ClCompile Include="PlaneDlg.cpp">
      <Filter>Source Files</Filter>
    </ClCompile>
    <ClCompile Include="LineDlg.cpp">
      <Filter>Source Files</Filter>
    </ClCompile>
    <ClCompile Include="SphereDlg.cpp">
      <Filter>Source Files</Filter>
    </ClCompile>
    <ClCompile Include="Circle2DDlg.cpp">
      <Filter>Source Files</Filter>
    </ClCompile>
    <ClCompile Include="Circle3DDlg.cpp">
      <Filter>Source Files</Filter>
    </ClCompile>
    <ClCompile Include="CylinderDlg.cpp">
      <Filter>Source Files</Filter>
    </ClCompile>
    <ClCompile Include="ConeDlg.cpp">
      <Filter>Source Files</Filter>
    </ClCompile>
    <ClCompile Include="ConditionalDlg.cpp">
      <Filter>Source Files</Filter>
    </ClCompile>
    <ClCompile Include="UniformSamplingDlg.cpp">
      <Filter>Source Files</Filter>
    </ClCompile>
    <ClCompile Include="UpSamplingDlg.cpp">
      <Filter>Source Files</Filter>
    </ClCompile>
    <ClCompile Include="Normal3DDlg.cpp">
      <Filter>Source Files</Filter>
    </ClCompile>
    <ClCompile Include="IntegralImageDlg.cpp">
      <Filter>Source Files</Filter>
    </ClCompile>
    <ClCompile Include="NDTDlg.cpp">
      <Filter>Source Files</Filter>
    </ClCompile>
    <ClCompile Include="ICPDlg.cpp">
      <Filter>Source Files</Filter>
    </ClCompile>
    <ClCompile Include="ECEDlg.cpp">
      <Filter>Source Files</Filter>
    </ClCompile>
    <ClCompile Include="PolygonDlg.cpp">
      <Filter>Source Files</Filter>
    </ClCompile>
    <ClCompile Include="GP3Dlg.cpp">
      <Filter>Source Files</Filter>
    </ClCompile>
    <ClCompile Include="BOX3DDlg.cpp">
      <Filter>Source Files</Filter>
    </ClCompile>
    <ClCompile Include="TemplateMatchingDlg.cpp">
      <Filter>Source Files</Filter>
    </ClCompile>
    <ClCompile Include="GenerateDlg.cpp">
      <Filter>Source Files</Filter>
    </ClCompile>
    <ClCompile Include="Depth2CloudDlg.cpp">
      <Filter>Source Files</Filter>
    </ClCompile>
    <ClCompile Include="RegionGrowDlg.cpp">
      <Filter>Source Files</Filter>
    </ClCompile>
  </ItemGroup>
  <ItemGroup>
    <ClInclude Include="resource.h">
      <Filter>Header Files</Filter>
    </ClInclude>
  </ItemGroup>
  <ItemGroup>
    <ResourceCompile Include="PCLvision.rc">
      <Filter>Resource Files</Filter>
    </ResourceCompile>
  </ItemGroup>
  <ItemGroup>
    <QtMoc Include="QHeightRampDlg.h">
      <Filter>Header Files</Filter>
    </QtMoc>
    <QtMoc Include="PassThroughDlg.h">
      <Filter>Header Files</Filter>
    </QtMoc>
    <QtMoc Include="VoxelGridDlg.h">
      <Filter>Header Files</Filter>
    </QtMoc>
    <QtMoc Include="RemoveOutliersDlg.h">
      <Filter>Header Files</Filter>
    </QtMoc>
    <QtMoc Include="RadiusFilterDlg.h">
      <Filter>Header Files</Filter>
    </QtMoc>
    <QtMoc Include="ProjectionDlg.h">
      <Filter>Header Files</Filter>
    </QtMoc>
    <QtMoc Include="DepthMapDlg.h">
      <Filter>Header Files</Filter>
    </QtMoc>
    <QtMoc Include="NARFKeyPointDlg.h">
      <Filter>Header Files</Filter>
    </QtMoc>
    <QtMoc Include="LineDlg.h">
      <Filter>Header Files</Filter>
    </QtMoc>
    <QtMoc Include="PlaneDlg.h">
      <Filter>Header Files</Filter>
    </QtMoc>
    <QtMoc Include="SphereDlg.h">
      <Filter>Header Files</Filter>
    </QtMoc>
    <QtMoc Include="Circle2DDlg.h">
      <Filter>Header Files</Filter>
    </QtMoc>
    <QtMoc Include="Circle3DDlg.h">
      <Filter>Header Files</Filter>
    </QtMoc>
    <QtMoc Include="CylinderDlg.h">
      <Filter>Header Files</Filter>
    </QtMoc>
    <QtMoc Include="ConeDlg.h">
      <Filter>Header Files</Filter>
    </QtMoc>
    <QtMoc Include="ConditionalDlg.h">
      <Filter>Header Files</Filter>
    </QtMoc>
    <QtMoc Include="UniformSamplingDlg.h">
      <Filter>Header Files</Filter>
    </QtMoc>
    <QtMoc Include="UpSamplingDlg.h">
      <Filter>Header Files</Filter>
    </QtMoc>
    <QtMoc Include="Normal3DDlg.h">
      <Filter>Header Files</Filter>
    </QtMoc>
    <QtMoc Include="IntegralImageDlg.h">
      <Filter>Header Files</Filter>
    </QtMoc>
    <QtMoc Include="NDTDlg.h">
      <Filter>Header Files</Filter>
    </QtMoc>
    <QtMoc Include="ICPDlg.h">
      <Filter>Header Files</Filter>
    </QtMoc>
    <QtMoc Include="ECEDlg.h">
      <Filter>Header Files</Filter>
    </QtMoc>
    <QtMoc Include="PolygonDlg.h">
      <Filter>Header Files</Filter>
    </QtMoc>
    <QtMoc Include="GP3Dlg.h">
      <Filter>Header Files</Filter>
    </QtMoc>
    <QtMoc Include="BOX3DDlg.h">
      <Filter>Header Files</Filter>
    </QtMoc>
    <QtMoc Include="TemplateMatchingDlg.h">
      <Filter>Header Files</Filter>
    </QtMoc>
    <QtMoc Include="GenerateDlg.h">
      <Filter>Header Files</Filter>
    </QtMoc>
    <QtMoc Include="Depth2CloudDlg.h">
      <Filter>Header Files</Filter>
    </QtMoc>
    <QtMoc Include="RegionGrowDlg.h">
      <Filter>Header Files</Filter>
    </QtMoc>
  </ItemGroup>
  <ItemGroup>
    <QtUic Include="QHeightRampDlg.ui">
      <Filter>Form Files</Filter>
    </QtUic>
    <QtUic Include="PassThroughDlg.ui">
      <Filter>Form Files</Filter>
    </QtUic>
    <QtUic Include="VoxelGridDlg.ui">
      <Filter>Form Files</Filter>
    </QtUic>
    <QtUic Include="RemoveOutliersDlg.ui">
      <Filter>Form Files</Filter>
    </QtUic>
    <QtUic Include="RadiusFilterDlg.ui">
      <Filter>Form Files</Filter>
    </QtUic>
    <QtUic Include="ProjectionDlg.ui">
      <Filter>Form Files</Filter>
    </QtUic>
    <QtUic Include="DepthMapDlg.ui">
      <Filter>Form Files</Filter>
    </QtUic>
    <QtUic Include="NARFKeyPointDlg.ui">
      <Filter>Form Files</Filter>
    </QtUic>
    <QtUic Include="PlaneDlg.ui">
      <Filter>Form Files</Filter>
    </QtUic>
    <QtUic Include="LineDlg.ui">
      <Filter>Form Files</Filter>
    </QtUic>
    <QtUic Include="SphereDlg.ui">
      <Filter>Form Files</Filter>
    </QtUic>
    <QtUic Include="Circle2DDlg.ui">
      <Filter>Form Files</Filter>
    </QtUic>
    <QtUic Include="Circle3DDlg.ui">
      <Filter>Form Files</Filter>
    </QtUic>
    <QtUic Include="CylinderDlg.ui">
      <Filter>Form Files</Filter>
    </QtUic>
    <QtUic Include="ConeDlg.ui">
      <Filter>Form Files</Filter>
    </QtUic>
    <QtUic Include="ConditionalDlg.ui">
      <Filter>Form Files</Filter>
    </QtUic>
    <QtUic Include="UniformSamplingDlg.ui">
      <Filter>Form Files</Filter>
    </QtUic>
    <QtUic Include="UpSamplingDlg.ui">
      <Filter>Form Files</Filter>
    </QtUic>
    <QtUic Include="Normal3DDlg.ui">
      <Filter>Form Files</Filter>
    </QtUic>
    <QtUic Include="IntegralImageDlg.ui">
      <Filter>Form Files</Filter>
    </QtUic>
    <QtUic Include="NDTDlg.ui">
      <Filter>Form Files</Filter>
    </QtUic>
    <QtUic Include="ICPDlg.ui">
      <Filter>Form Files</Filter>
    </QtUic>
    <QtUic Include="ECEDlg.ui">
      <Filter>Form Files</Filter>
    </QtUic>
    <QtUic Include="PolygonDlg.ui">
      <Filter>Form Files</Filter>
    </QtUic>
    <QtUic Include="GP3Dlg.ui">
      <Filter>Form Files</Filter>
    </QtUic>
    <QtUic Include="BOX3DDlg.ui">
      <Filter>Form Files</Filter>
    </QtUic>
    <QtUic Include="TemplateMatchingDlg.ui">
      <Filter>Form Files</Filter>
    </QtUic>
    <QtUic Include="GenerateDlg.ui">
      <Filter>Form Files</Filter>
    </QtUic>
    <QtUic Include="Depth2CloudDlg.ui">
      <Filter>Form Files</Filter>
    </QtUic>
    <QtUic Include="RegionGrowDlg.ui">
      <Filter>Form Files</Filter>
    </QtUic>
  </ItemGroup>
</Project>